// !$*UTF8*$!
{
	archiveVersion = 1;
	classes = {
	};
	objectVersion = 56;
	objects = {

/* Begin PBXBuildFile section */
		CC3E97A72B83728A00F8E136 /* ProductModel.swift in Sources */ = {isa = PBXBuildFile; fileRef = CC3E97A62B83728A00F8E136 /* ProductModel.swift */; };
		CC4F51C12B6F475300009D04 /* CategoryCell.swift in Sources */ = {isa = PBXBuildFile; fileRef = CC4F51C02B6F475300009D04 /* CategoryCell.swift */; };
		CC4F51C32B6F7E7600009D04 /* ProductCell.swift in Sources */ = {isa = PBXBuildFile; fileRef = CC4F51C22B6F7E7600009D04 /* ProductCell.swift */; };
		CCDED4952B85E3E2001952EC /* CircleItemCell.swift in Sources */ = {isa = PBXBuildFile; fileRef = CCDED4942B85E3E2001952EC /* CircleItemCell.swift */; };
		CCDED4972B85F173001952EC /* CircleItemModel.swift in Sources */ = {isa = PBXBuildFile; fileRef = CCDED4962B85F173001952EC /* CircleItemModel.swift */; };
		CCDED4992B860AEF001952EC /* ItemHeaderView.swift in Sources */ = {isa = PBXBuildFile; fileRef = CCDED4982B860AEF001952EC /* ItemHeaderView.swift */; };
		CCDED49B2B8613E6001952EC /* DecoView.swift in Sources */ = {isa = PBXBuildFile; fileRef = CCDED49A2B8613E6001952EC /* DecoView.swift */; };
		CCFC5B092B6D0A3D00927FE5 /* AppDelegate.swift in Sources */ = {isa = PBXBuildFile; fileRef = CCFC5B082B6D0A3D00927FE5 /* AppDelegate.swift */; };
		CCFC5B0B2B6D0A3D00927FE5 /* SceneDelegate.swift in Sources */ = {isa = PBXBuildFile; fileRef = CCFC5B0A2B6D0A3D00927FE5 /* SceneDelegate.swift */; };
		CCFC5B0D2B6D0A3D00927FE5 /* MainViewController.swift in Sources */ = {isa = PBXBuildFile; fileRef = CCFC5B0C2B6D0A3D00927FE5 /* MainViewController.swift */; };
		CCFC5B122B6D0A3E00927FE5 /* Assets.xcassets in Resources */ = {isa = PBXBuildFile; fileRef = CCFC5B112B6D0A3E00927FE5 /* Assets.xcassets */; };
		CCFC5B152B6D0A3E00927FE5 /* LaunchScreen.storyboard in Resources */ = {isa = PBXBuildFile; fileRef = CCFC5B132B6D0A3E00927FE5 /* LaunchScreen.storyboard */; };
/* End PBXBuildFile section */

/* Begin PBXFileReference section */
		CC3E97A62B83728A00F8E136 /* ProductModel.swift */ = {isa = PBXFileReference; lastKnownFileType = sourcecode.swift; path = ProductModel.swift; sourceTree = "<group>"; };
		CC4F51C02B6F475300009D04 /* CategoryCell.swift */ = {isa = PBXFileReference; lastKnownFileType = sourcecode.swift; path = CategoryCell.swift; sourceTree = "<group>"; };
		CC4F51C22B6F7E7600009D04 /* ProductCell.swift */ = {isa = PBXFileReference; lastKnownFileType = sourcecode.swift; path = ProductCell.swift; sourceTree = "<group>"; };
		CCDED4942B85E3E2001952EC /* CircleItemCell.swift */ = {isa = PBXFileReference; lastKnownFileType = sourcecode.swift; path = CircleItemCell.swift; sourceTree = "<group>"; };
		CCDED4962B85F173001952EC /* CircleItemModel.swift */ = {isa = PBXFileReference; lastKnownFileType = sourcecode.swift; path = CircleItemModel.swift; sourceTree = "<group>"; };
		CCDED4982B860AEF001952EC /* ItemHeaderView.swift */ = {isa = PBXFileReference; lastKnownFileType = sourcecode.swift; path = ItemHeaderView.swift; sourceTree = "<group>"; };
		CCDED49A2B8613E6001952EC /* DecoView.swift */ = {isa = PBXFileReference; lastKnownFileType = sourcecode.swift; path = DecoView.swift; sourceTree = "<group>"; };
		CCFC5B052B6D0A3D00927FE5 /* CompositionalCollectionViewTest.app */ = {isa = PBXFileReference; explicitFileType = wrapper.application; includeInIndex = 0; path = CompositionalCollectionViewTest.app; sourceTree = BUILT_PRODUCTS_DIR; };
		CCFC5B082B6D0A3D00927FE5 /* AppDelegate.swift */ = {isa = PBXFileReference; lastKnownFileType = sourcecode.swift; path = AppDelegate.swift; sourceTree = "<group>"; };
		CCFC5B0A2B6D0A3D00927FE5 /* SceneDelegate.swift */ = {isa = PBXFileReference; lastKnownFileType = sourcecode.swift; path = SceneDelegate.swift; sourceTree = "<group>"; };
		CCFC5B0C2B6D0A3D00927FE5 /* MainViewController.swift */ = {isa = PBXFileReference; lastKnownFileType = sourcecode.swift; path = MainViewController.swift; sourceTree = "<group>"; };
		CCFC5B112B6D0A3E00927FE5 /* Assets.xcassets */ = {isa = PBXFileReference; lastKnownFileType = folder.assetcatalog; path = Assets.xcassets; sourceTree = "<group>"; };
		CCFC5B142B6D0A3E00927FE5 /* Base */ = {isa = PBXFileReference; lastKnownFileType = file.storyboard; name = Base; path = Base.lproj/LaunchScreen.storyboard; sourceTree = "<group>"; };
		CCFC5B162B6D0A3E00927FE5 /* Info.plist */ = {isa = PBXFileReference; lastKnownFileType = text.plist.xml; path = Info.plist; sourceTree = "<group>"; };
/* End PBXFileReference section */

/* Begin PBXFrameworksBuildPhase section */
		CCFC5B022B6D0A3D00927FE5 /* Frameworks */ = {
			isa = PBXFrameworksBuildPhase;
			buildActionMask = 2147483647;
			files = (
			);
			runOnlyForDeploymentPostprocessing = 0;
		};
/* End PBXFrameworksBuildPhase section */

/* Begin PBXGroup section */
		CCDED49C2B86189B001952EC /* Model */ = {
			isa = PBXGroup;
			children = (
				CC3E97A62B83728A00F8E136 /* ProductModel.swift */,
				CCDED4962B85F173001952EC /* CircleItemModel.swift */,
			);
			path = Model;
			sourceTree = "<group>";
		};
		CCDED49D2B8618A2001952EC /* View */ = {
			isa = PBXGroup;
			children = (
				CC4F51C02B6F475300009D04 /* CategoryCell.swift */,
				CC4F51C22B6F7E7600009D04 /* ProductCell.swift */,
				CCDED4942B85E3E2001952EC /* CircleItemCell.swift */,
				CCDED4982B860AEF001952EC /* ItemHeaderView.swift */,
				CCDED49A2B8613E6001952EC /* DecoView.swift */,
			);
			path = View;
			sourceTree = "<group>";
		};
		CCDED49E2B8618A8001952EC /* Controller */ = {
			isa = PBXGroup;
			children = (
				CCFC5B0C2B6D0A3D00927FE5 /* MainViewController.swift */,
			);
			path = Controller;
			sourceTree = "<group>";
		};
		CCFC5AFC2B6D0A3D00927FE5 = {
			isa = PBXGroup;
			children = (
				CCFC5B072B6D0A3D00927FE5 /* CompositionalCollectionViewTest */,
				CCFC5B062B6D0A3D00927FE5 /* Products */,
			);
			sourceTree = "<group>";
		};
		CCFC5B062B6D0A3D00927FE5 /* Products */ = {
			isa = PBXGroup;
			children = (
				CCFC5B052B6D0A3D00927FE5 /* CompositionalCollectionViewTest.app */,
			);
			name = Products;
			sourceTree = "<group>";
		};
		CCFC5B072B6D0A3D00927FE5 /* CompositionalCollectionViewTest */ = {
			isa = PBXGroup;
			children = (
				CCFC5B082B6D0A3D00927FE5 /* AppDelegate.swift */,
				CCFC5B0A2B6D0A3D00927FE5 /* SceneDelegate.swift */,
				CCDED49C2B86189B001952EC /* Model */,
				CCDED49E2B8618A8001952EC /* Controller */,
				CCDED49D2B8618A2001952EC /* View */,
				CCFC5B112B6D0A3E00927FE5 /* Assets.xcassets */,
				CCFC5B132B6D0A3E00927FE5 /* LaunchScreen.storyboard */,
				CCFC5B162B6D0A3E00927FE5 /* Info.plist */,
			);
			path = CompositionalCollectionViewTest;
			sourceTree = "<group>";
		};
/* End PBXGroup section */

/* Begin PBXNativeTarget section */
		CCFC5B042B6D0A3D00927FE5 /* CompositionalCollectionViewTest */ = {
			isa = PBXNativeTarget;
			buildConfigurationList = CCFC5B192B6D0A3E00927FE5 /* Build configuration list for PBXNativeTarget "CompositionalCollectionViewTest" */;
			buildPhases = (
				CCFC5B012B6D0A3D00927FE5 /* Sources */,
				CCFC5B022B6D0A3D00927FE5 /* Frameworks */,
				CCFC5B032B6D0A3D00927FE5 /* Resources */,
			);
			buildRules = (
			);
			dependencies = (
			);
			name = CompositionalCollectionViewTest;
			productName = CompositionalCollectionViewTest;
			productReference = CCFC5B052B6D0A3D00927FE5 /* CompositionalCollectionViewTest.app */;
			productType = "com.apple.product-type.application";
		};
/* End PBXNativeTarget section */

/* Begin PBXProject section */
		CCFC5AFD2B6D0A3D00927FE5 /* Project object */ = {
			isa = PBXProject;
			attributes = {
				BuildIndependentTargetsInParallel = 1;
				LastSwiftUpdateCheck = 1500;
				LastUpgradeCheck = 1500;
				TargetAttributes = {
					CCFC5B042B6D0A3D00927FE5 = {
						CreatedOnToolsVersion = 15.0.1;
					};
				};
			};
			buildConfigurationList = CCFC5B002B6D0A3D00927FE5 /* Build configuration list for PBXProject "CompositionalCollectionViewTest" */;
			compatibilityVersion = "Xcode 14.0";
			developmentRegion = en;
			hasScannedForEncodings = 0;
			knownRegions = (
				en,
				Base,
			);
			mainGroup = CCFC5AFC2B6D0A3D00927FE5;
			productRefGroup = CCFC5B062B6D0A3D00927FE5 /* Products */;
			projectDirPath = "";
			projectRoot = "";
			targets = (
				CCFC5B042B6D0A3D00927FE5 /* CompositionalCollectionViewTest */,
			);
		};
/* End PBXProject section */

/* Begin PBXResourcesBuildPhase section */
		CCFC5B032B6D0A3D00927FE5 /* Resources */ = {
			isa = PBXResourcesBuildPhase;
			buildActionMask = 2147483647;
			files = (
				CCFC5B152B6D0A3E00927FE5 /* LaunchScreen.storyboard in Resources */,
				CCFC5B122B6D0A3E00927FE5 /* Assets.xcassets in Resources */,
			);
			runOnlyForDeploymentPostprocessing = 0;
		};
/* End PBXResourcesBuildPhase section */

/* Begin PBXSourcesBuildPhase section */
		CCFC5B012B6D0A3D00927FE5 /* Sources */ = {
			isa = PBXSourcesBuildPhase;
			buildActionMask = 2147483647;
			files = (
				CC4F51C12B6F475300009D04 /* CategoryCell.swift in Sources */,
				CCDED4952B85E3E2001952EC /* CircleItemCell.swift in Sources */,
				CCDED4972B85F173001952EC /* CircleItemModel.swift in Sources */,
				CCDED49B2B8613E6001952EC /* DecoView.swift in Sources */,
				CC3E97A72B83728A00F8E136 /* ProductModel.swift in Sources */,
				CCFC5B0D2B6D0A3D00927FE5 /* MainViewController.swift in Sources */,
				CC4F51C32B6F7E7600009D04 /* ProductCell.swift in Sources */,
				CCFC5B092B6D0A3D00927FE5 /* AppDelegate.swift in Sources */,
				CCFC5B0B2B6D0A3D00927FE5 /* SceneDelegate.swift in Sources */,
				CCDED4992B860AEF001952EC /* ItemHeaderView.swift in Sources */,
			);
			runOnlyForDeploymentPostprocessing = 0;
		};
/* End PBXSourcesBuildPhase section */

/* Begin PBXVariantGroup section */
		CCFC5B132B6D0A3E00927FE5 /* LaunchScreen.storyboard */ = {
			isa = PBXVariantGroup;
			children = (
				CCFC5B142B6D0A3E00927FE5 /* Base */,
			);
			name = LaunchScreen.storyboard;
			sourceTree = "<group>";
		};
/* End PBXVariantGroup section */

/* Begin XCBuildConfiguration section */
		CCFC5B172B6D0A3E00927FE5 /* Debug */ = {
			isa = XCBuildConfiguration;
			buildSettings = {
				ALWAYS_SEARCH_USER_PATHS = NO;
				ASSETCATALOG_COMPILER_GENERATE_SWIFT_ASSET_SYMBOL_EXTENSIONS = YES;
				CLANG_ANALYZER_NONNULL = YES;
				CLANG_ANALYZER_NUMBER_OBJECT_CONVERSION = YES_AGGRESSIVE;
				CLANG_CXX_LANGUAGE_STANDARD = "gnu++20";
				CLANG_ENABLE_MODULES = YES;
				CLANG_ENABLE_OBJC_ARC = YES;
				CLANG_ENABLE_OBJC_WEAK = YES;
				CLANG_WARN_BLOCK_CAPTURE_AUTORELEASING = YES;
				CLANG_WARN_BOOL_CONVERSION = YES;
				CLANG_WARN_COMMA = YES;
				CLANG_WARN_CONSTANT_CONVERSION = YES;
				CLANG_WARN_DEPRECATED_OBJC_IMPLEMENTATIONS = YES;
				CLANG_WARN_DIRECT_OBJC_ISA_USAGE = YES_ERROR;
				CLANG_WARN_DOCUMENTATION_COMMENTS = YES;
				CLANG_WARN_EMPTY_BODY = YES;
				CLANG_WARN_ENUM_CONVERSION = YES;
				CLANG_WARN_INFINITE_RECURSION = YES;
				CLANG_WARN_INT_CONVERSION = YES;
				CLANG_WARN_NON_LITERAL_NULL_CONVERSION = YES;
				CLANG_WARN_OBJC_IMPLICIT_RETAIN_SELF = YES;
				CLANG_WARN_OBJC_LITERAL_CONVERSION = YES;
				CLANG_WARN_OBJC_ROOT_CLASS = YES_ERROR;
				CLANG_WARN_QUOTED_INCLUDE_IN_FRAMEWORK_HEADER = YES;
				CLANG_WARN_RANGE_LOOP_ANALYSIS = YES;
				CLANG_WARN_STRICT_PROTOTYPES = YES;
				CLANG_WARN_SUSPICIOUS_MOVE = YES;
				CLANG_WARN_UNGUARDED_AVAILABILITY = YES_AGGRESSIVE;
				CLANG_WARN_UNREACHABLE_CODE = YES;
				CLANG_WARN__DUPLICATE_METHOD_MATCH = YES;
				COPY_PHASE_STRIP = NO;
				DEBUG_INFORMATION_FORMAT = dwarf;
				ENABLE_STRICT_OBJC_MSGSEND = YES;
				ENABLE_TESTABILITY = YES;
				ENABLE_USER_SCRIPT_SANDBOXING = YES;
				GCC_C_LANGUAGE_STANDARD = gnu17;
				GCC_DYNAMIC_NO_PIC = NO;
				GCC_NO_COMMON_BLOCKS = YES;
				GCC_OPTIMIZATION_LEVEL = 0;
				GCC_PREPROCESSOR_DEFINITIONS = (
					"DEBUG=1",
					"$(inherited)",
				);
				GCC_WARN_64_TO_32_BIT_CONVERSION = YES;
				GCC_WARN_ABOUT_RETURN_TYPE = YES_ERROR;
				GCC_WARN_UNDECLARED_SELECTOR = YES;
				GCC_WARN_UNINITIALIZED_AUTOS = YES_AGGRESSIVE;
				GCC_WARN_UNUSED_FUNCTION = YES;
				GCC_WARN_UNUSED_VARIABLE = YES;
				IPHONEOS_DEPLOYMENT_TARGET = 17.0;
				LOCALIZATION_PREFERS_STRING_CATALOGS = YES;
				MTL_ENABLE_DEBUG_INFO = INCLUDE_SOURCE;
				MTL_FAST_MATH = YES;
				ONLY_ACTIVE_ARCH = YES;
				SDKROOT = iphoneos;
				SWIFT_ACTIVE_COMPILATION_CONDITIONS = "DEBUG $(inherited)";
				SWIFT_OPTIMIZATION_LEVEL = "-Onone";
			};
			name = Debug;
		};
		CCFC5B182B6D0A3E00927FE5 /* Release */ = {
			isa = XCBuildConfiguration;
			buildSettings = {
				ALWAYS_SEARCH_USER_PATHS = NO;
				ASSETCATALOG_COMPILER_GENERATE_SWIFT_ASSET_SYMBOL_EXTENSIONS = YES;
				CLANG_ANALYZER_NONNULL = YES;
				CLANG_ANALYZER_NUMBER_OBJECT_CONVERSION = YES_AGGRESSIVE;
				CLANG_CXX_LANGUAGE_STANDARD = "gnu++20";
				CLANG_ENABLE_MODULES = YES;
				CLANG_ENABLE_OBJC_ARC = YES;
				CLANG_ENABLE_OBJC_WEAK = YES;
				CLANG_WARN_BLOCK_CAPTURE_AUTORELEASING = YES;
				CLANG_WARN_BOOL_CONVERSION = YES;
				CLANG_WARN_COMMA = YES;
				CLANG_WARN_CONSTANT_CONVERSION = YES;
				CLANG_WARN_DEPRECATED_OBJC_IMPLEMENTATIONS = YES;
				CLANG_WARN_DIRECT_OBJC_ISA_USAGE = YES_ERROR;
				CLANG_WARN_DOCUMENTATION_COMMENTS = YES;
				CLANG_WARN_EMPTY_BODY = YES;
				CLANG_WARN_ENUM_CONVERSION = YES;
				CLANG_WARN_INFINITE_RECURSION = YES;
				CLANG_WARN_INT_CONVERSION = YES;
				CLANG_WARN_NON_LITERAL_NULL_CONVERSION = YES;
				CLANG_WARN_OBJC_IMPLICIT_RETAIN_SELF = YES;
				CLANG_WARN_OBJC_LITERAL_CONVERSION = YES;
				CLANG_WARN_OBJC_ROOT_CLASS = YES_ERROR;
				CLANG_WARN_QUOTED_INCLUDE_IN_FRAMEWORK_HEADER = YES;
				CLANG_WARN_RANGE_LOOP_ANALYSIS = YES;
				CLANG_WARN_STRICT_PROTOTYPES = YES;
				CLANG_WARN_SUSPICIOUS_MOVE = YES;
				CLANG_WARN_UNGUARDED_AVAILABILITY = YES_AGGRESSIVE;
				CLANG_WARN_UNREACHABLE_CODE = YES;
				CLANG_WARN__DUPLICATE_METHOD_MATCH = YES;
				COPY_PHASE_STRIP = NO;
				DEBUG_INFORMATION_FORMAT = "dwarf-with-dsym";
				ENABLE_NS_ASSERTIONS = NO;
				ENABLE_STRICT_OBJC_MSGSEND = YES;
				ENABLE_USER_SCRIPT_SANDBOXING = YES;
				GCC_C_LANGUAGE_STANDARD = gnu17;
				GCC_NO_COMMON_BLOCKS = YES;
				GCC_WARN_64_TO_32_BIT_CONVERSION = YES;
				GCC_WARN_ABOUT_RETURN_TYPE = YES_ERROR;
				GCC_WARN_UNDECLARED_SELECTOR = YES;
				GCC_WARN_UNINITIALIZED_AUTOS = YES_AGGRESSIVE;
				GCC_WARN_UNUSED_FUNCTION = YES;
				GCC_WARN_UNUSED_VARIABLE = YES;
				IPHONEOS_DEPLOYMENT_TARGET = 17.0;
				LOCALIZATION_PREFERS_STRING_CATALOGS = YES;
				MTL_ENABLE_DEBUG_INFO = NO;
				MTL_FAST_MATH = YES;
				SDKROOT = iphoneos;
				SWIFT_COMPILATION_MODE = wholemodule;
				VALIDATE_PRODUCT = YES;
			};
			name = Release;
		};
		CCFC5B1A2B6D0A3E00927FE5 /* Debug */ = {
			isa = XCBuildConfiguration;
			buildSettings = {
				ASSETCATALOG_COMPILER_APPICON_NAME = AppIcon;
				ASSETCATALOG_COMPILER_GLOBAL_ACCENT_COLOR_NAME = AccentColor;
				CODE_SIGN_STYLE = Automatic;
				CURRENT_PROJECT_VERSION = 1;
				DEVELOPMENT_TEAM = Y9U32NW3Q6;
				GENERATE_INFOPLIST_FILE = YES;
				INFOPLIST_FILE = CompositionalCollectionViewTest/Info.plist;
				INFOPLIST_KEY_UIApplicationSupportsIndirectInputEvents = YES;
				INFOPLIST_KEY_UILaunchStoryboardName = LaunchScreen;
				INFOPLIST_KEY_UISupportedInterfaceOrientations_iPad = "UIInterfaceOrientationPortrait UIInterfaceOrientationPortraitUpsideDown UIInterfaceOrientationLandscapeLeft UIInterfaceOrientationLandscapeRight";
				INFOPLIST_KEY_UISupportedInterfaceOrientations_iPhone = "UIInterfaceOrientationPortrait UIInterfaceOrientationLandscapeLeft UIInterfaceOrientationLandscapeRight";
				LD_RUNPATH_SEARCH_PATHS = (
					"$(inherited)",
					"@executable_path/Frameworks",
				);
				MARKETING_VERSION = 1.0;
				PRODUCT_BUNDLE_IDENTIFIER = hansol.CompositionalCollectionViewTest;
				PRODUCT_NAME = "$(TARGET_NAME)";
				SWIFT_EMIT_LOC_STRINGS = YES;
				SWIFT_VERSION = 5.0;
				TARGETED_DEVICE_FAMILY = "1,2";
			};
			name = Debug;
		};
		CCFC5B1B2B6D0A3E00927FE5 /* Release */ = {
			isa = XCBuildConfiguration;
			buildSettings = {
				ASSETCATALOG_COMPILER_APPICON_NAME = AppIcon;
				ASSETCATALOG_COMPILER_GLOBAL_ACCENT_COLOR_NAME = AccentColor;
				CODE_SIGN_STYLE = Automatic;
				CURRENT_PROJECT_VERSION = 1;
				DEVELOPMENT_TEAM = Y9U32NW3Q6;
				GENERATE_INFOPLIST_FILE = YES;
				INFOPLIST_FILE = CompositionalCollectionViewTest/Info.plist;
				INFOPLIST_KEY_UIApplicationSupportsIndirectInputEvents = YES;
				INFOPLIST_KEY_UILaunchStoryboardName = LaunchScreen;
				INFOPLIST_KEY_UISupportedInterfaceOrientations_iPad = "UIInterfaceOrientationPortrait UIInterfaceOrientationPortraitUpsideDown UIInterfaceOrientationLandscapeLeft UIInterfaceOrientationLandscapeRight";
				INFOPLIST_KEY_UISupportedInterfaceOrientations_iPhone = "UIInterfaceOrientationPortrait UIInterfaceOrientationLandscapeLeft UIInterfaceOrientationLandscapeRight";
				LD_RUNPATH_SEARCH_PATHS = (
					"$(inherited)",
					"@executable_path/Frameworks",
				);
				MARKETING_VERSION = 1.0;
				PRODUCT_BUNDLE_IDENTIFIER = hansol.CompositionalCollectionViewTest;
				PRODUCT_NAME = "$(TARGET_NAME)";
				SWIFT_EMIT_LOC_STRINGS = YES;
				SWIFT_VERSION = 5.0;
				TARGETED_DEVICE_FAMILY = "1,2";
			};
			name = Release;
		};
/* End XCBuildConfiguration section */

/* Begin XCConfigurationList section */
		CCFC5B002B6D0A3D00927FE5 /* Build configuration list for PBXProject "CompositionalCollectionViewTest" */ = {
			isa = XCConfigurationList;
			buildConfigurations = (
				CCFC5B172B6D0A3E00927FE5 /* Debug */,
				CCFC5B182B6D0A3E00927FE5 /* Release */,
			);
			defaultConfigurationIsVisible = 0;
			defaultConfigurationName = Release;
		};
		CCFC5B192B6D0A3E00927FE5 /* Build configuration list for PBXNativeTarget "CompositionalCollectionViewTest" */ = {
			isa = XCConfigurationList;
			buildConfigurations = (
				CCFC5B1A2B6D0A3E00927FE5 /* Debug */,
				CCFC5B1B2B6D0A3E00927FE5 /* Release */,
			);
			defaultConfigurationIsVisible = 0;
			defaultConfigurationName = Release;
		};
/* End XCConfigurationList section */
	};
	rootObject = CCFC5AFD2B6D0A3D00927FE5 /* Project object */;
}
